// !$*UTF8*$!
{
	archiveVersion = 1;
	classes = {
	};
	objectVersion = 46;
	objects = {

/* Begin PBXBuildFile section */
		C2F19E731CB869F600943873 /* AppDelegate.swift in Sources */ = {isa = PBXBuildFile; fileRef = C2F19E721CB869F600943873 /* AppDelegate.swift */; };
		C2F19E781CB869F600943873 /* Main.storyboard in Resources */ = {isa = PBXBuildFile; fileRef = C2F19E761CB869F600943873 /* Main.storyboard */; };
		C2F19E7A1CB869F600943873 /* Assets.xcassets in Resources */ = {isa = PBXBuildFile; fileRef = C2F19E791CB869F600943873 /* Assets.xcassets */; };
		C2F19E7D1CB869F600943873 /* LaunchScreen.storyboard in Resources */ = {isa = PBXBuildFile; fileRef = C2F19E7B1CB869F600943873 /* LaunchScreen.storyboard */; };
		C2F19E881CB869F600943873 /* MYNZTests.swift in Sources */ = {isa = PBXBuildFile; fileRef = C2F19E871CB869F600943873 /* MYNZTests.swift */; };
		C2F19E931CB869F700943873 /* MYNZUITests.swift in Sources */ = {isa = PBXBuildFile; fileRef = C2F19E921CB869F700943873 /* MYNZUITests.swift */; };
		C2F1C4751CB9C4590091419D /* MapDropViewController.swift in Sources */ = {isa = PBXBuildFile; fileRef = C2F1C4741CB9C4590091419D /* MapDropViewController.swift */; };
		C2F1C4771CB9C4F70091419D /* Location.swift in Sources */ = {isa = PBXBuildFile; fileRef = C2F1C4761CB9C4F70091419D /* Location.swift */; };
/* End PBXBuildFile section */

/* Begin PBXContainerItemProxy section */
		C2F19E841CB869F600943873 /* PBXContainerItemProxy */ = {
			isa = PBXContainerItemProxy;
			containerPortal = C2F19E671CB869F600943873 /* Project object */;
			proxyType = 1;
			remoteGlobalIDString = C2F19E6E1CB869F600943873;
			remoteInfo = MYNZ;
		};
		C2F19E8F1CB869F700943873 /* PBXContainerItemProxy */ = {
			isa = PBXContainerItemProxy;
			containerPortal = C2F19E671CB869F600943873 /* Project object */;
			proxyType = 1;
			remoteGlobalIDString = C2F19E6E1CB869F600943873;
			remoteInfo = MYNZ;
		};
/* End PBXContainerItemProxy section */

/* Begin PBXFileReference section */
		C2F19E6F1CB869F600943873 /* MYNZ.app */ = {isa = PBXFileReference; explicitFileType = wrapper.application; includeInIndex = 0; path = MYNZ.app; sourceTree = BUILT_PRODUCTS_DIR; };
		C2F19E721CB869F600943873 /* AppDelegate.swift */ = {isa = PBXFileReference; lastKnownFileType = sourcecode.swift; path = AppDelegate.swift; sourceTree = "<group>"; };
		C2F19E771CB869F600943873 /* Base */ = {isa = PBXFileReference; lastKnownFileType = file.storyboard; name = Base; path = Base.lproj/Main.storyboard; sourceTree = "<group>"; };
		C2F19E791CB869F600943873 /* Assets.xcassets */ = {isa = PBXFileReference; lastKnownFileType = folder.assetcatalog; path = Assets.xcassets; sourceTree = "<group>"; };
		C2F19E7C1CB869F600943873 /* Base */ = {isa = PBXFileReference; lastKnownFileType = file.storyboard; name = Base; path = Base.lproj/LaunchScreen.storyboard; sourceTree = "<group>"; };
		C2F19E7E1CB869F600943873 /* Info.plist */ = {isa = PBXFileReference; lastKnownFileType = text.plist.xml; path = Info.plist; sourceTree = "<group>"; };
		C2F19E831CB869F600943873 /* MYNZTests.xctest */ = {isa = PBXFileReference; explicitFileType = wrapper.cfbundle; includeInIndex = 0; path = MYNZTests.xctest; sourceTree = BUILT_PRODUCTS_DIR; };
		C2F19E871CB869F600943873 /* MYNZTests.swift */ = {isa = PBXFileReference; lastKnownFileType = sourcecode.swift; path = MYNZTests.swift; sourceTree = "<group>"; };
		C2F19E891CB869F600943873 /* Info.plist */ = {isa = PBXFileReference; lastKnownFileType = text.plist.xml; path = Info.plist; sourceTree = "<group>"; };
		C2F19E8E1CB869F700943873 /* MYNZUITests.xctest */ = {isa = PBXFileReference; explicitFileType = wrapper.cfbundle; includeInIndex = 0; path = MYNZUITests.xctest; sourceTree = BUILT_PRODUCTS_DIR; };
		C2F19E921CB869F700943873 /* MYNZUITests.swift */ = {isa = PBXFileReference; lastKnownFileType = sourcecode.swift; path = MYNZUITests.swift; sourceTree = "<group>"; };
		C2F19E941CB869F700943873 /* Info.plist */ = {isa = PBXFileReference; lastKnownFileType = text.plist.xml; path = Info.plist; sourceTree = "<group>"; };
		C2F1C4741CB9C4590091419D /* MapDropViewController.swift */ = {isa = PBXFileReference; fileEncoding = 4; lastKnownFileType = sourcecode.swift; path = MapDropViewController.swift; sourceTree = "<group>"; };
		C2F1C4761CB9C4F70091419D /* Location.swift */ = {isa = PBXFileReference; fileEncoding = 4; lastKnownFileType = sourcecode.swift; path = Location.swift; sourceTree = "<group>"; };
/* End PBXFileReference section */

/* Begin PBXFrameworksBuildPhase section */
		C2F19E6C1CB869F600943873 /* Frameworks */ = {
			isa = PBXFrameworksBuildPhase;
			buildActionMask = 2147483647;
			files = (
			);
			runOnlyForDeploymentPostprocessing = 0;
		};
		C2F19E801CB869F600943873 /* Frameworks */ = {
			isa = PBXFrameworksBuildPhase;
			buildActionMask = 2147483647;
			files = (
			);
			runOnlyForDeploymentPostprocessing = 0;
		};
		C2F19E8B1CB869F700943873 /* Frameworks */ = {
			isa = PBXFrameworksBuildPhase;
			buildActionMask = 2147483647;
			files = (
			);
			runOnlyForDeploymentPostprocessing = 0;
		};
/* End PBXFrameworksBuildPhase section */

/* Begin PBXGroup section */
		C2F19E661CB869F600943873 = {
			isa = PBXGroup;
			children = (
				C2F19E711CB869F600943873 /* MYNZ */,
				C2F19E861CB869F600943873 /* MYNZTests */,
				C2F19E911CB869F700943873 /* MYNZUITests */,
				C2F19E701CB869F600943873 /* Products */,
			);
			sourceTree = "<group>";
		};
		C2F19E701CB869F600943873 /* Products */ = {
			isa = PBXGroup;
			children = (
				C2F19E6F1CB869F600943873 /* MYNZ.app */,
				C2F19E831CB869F600943873 /* MYNZTests.xctest */,
				C2F19E8E1CB869F700943873 /* MYNZUITests.xctest */,
			);
			name = Products;
			sourceTree = "<group>";
		};
		C2F19E711CB869F600943873 /* MYNZ */ = {
			isa = PBXGroup;
			children = (
				C2F19E721CB869F600943873 /* AppDelegate.swift */,
				C2F19E761CB869F600943873 /* Main.storyboard */,
				C2F1C4741CB9C4590091419D /* MapDropViewController.swift */,
				C2F1C4761CB9C4F70091419D /* Location.swift */,
				C2F19E791CB869F600943873 /* Assets.xcassets */,
				C2F19E7B1CB869F600943873 /* LaunchScreen.storyboard */,
				C2F19E7E1CB869F600943873 /* Info.plist */,
			);
			path = MYNZ;
			sourceTree = "<group>";
		};
		C2F19E861CB869F600943873 /* MYNZTests */ = {
			isa = PBXGroup;
			children = (
				C2F19E871CB869F600943873 /* MYNZTests.swift */,
				C2F19E891CB869F600943873 /* Info.plist */,
			);
			path = MYNZTests;
			sourceTree = "<group>";
		};
		C2F19E911CB869F700943873 /* MYNZUITests */ = {
			isa = PBXGroup;
			children = (
				C2F19E921CB869F700943873 /* MYNZUITests.swift */,
				C2F19E941CB869F700943873 /* Info.plist */,
			);
			path = MYNZUITests;
			sourceTree = "<group>";
		};
/* End PBXGroup section */

/* Begin PBXNativeTarget section */
		C2F19E6E1CB869F600943873 /* MYNZ */ = {
			isa = PBXNativeTarget;
			buildConfigurationList = C2F19E971CB869F700943873 /* Build configuration list for PBXNativeTarget "MYNZ" */;
			buildPhases = (
				C2F19E6B1CB869F600943873 /* Sources */,
				C2F19E6C1CB869F600943873 /* Frameworks */,
				C2F19E6D1CB869F600943873 /* Resources */,
			);
			buildRules = (
			);
			dependencies = (
			);
			name = MYNZ;
			productName = MYNZ;
			productReference = C2F19E6F1CB869F600943873 /* MYNZ.app */;
			productType = "com.apple.product-type.application";
		};
		C2F19E821CB869F600943873 /* MYNZTests */ = {
			isa = PBXNativeTarget;
			buildConfigurationList = C2F19E9A1CB869F700943873 /* Build configuration list for PBXNativeTarget "MYNZTests" */;
			buildPhases = (
				C2F19E7F1CB869F600943873 /* Sources */,
				C2F19E801CB869F600943873 /* Frameworks */,
				C2F19E811CB869F600943873 /* Resources */,
			);
			buildRules = (
			);
			dependencies = (
				C2F19E851CB869F600943873 /* PBXTargetDependency */,
			);
			name = MYNZTests;
			productName = MYNZTests;
			productReference = C2F19E831CB869F600943873 /* MYNZTests.xctest */;
			productType = "com.apple.product-type.bundle.unit-test";
		};
		C2F19E8D1CB869F700943873 /* MYNZUITests */ = {
			isa = PBXNativeTarget;
			buildConfigurationList = C2F19E9D1CB869F700943873 /* Build configuration list for PBXNativeTarget "MYNZUITests" */;
			buildPhases = (
				C2F19E8A1CB869F700943873 /* Sources */,
				C2F19E8B1CB869F700943873 /* Frameworks */,
				C2F19E8C1CB869F700943873 /* Resources */,
			);
			buildRules = (
			);
			dependencies = (
				C2F19E901CB869F700943873 /* PBXTargetDependency */,
			);
			name = MYNZUITests;
			productName = MYNZUITests;
			productReference = C2F19E8E1CB869F700943873 /* MYNZUITests.xctest */;
			productType = "com.apple.product-type.bundle.ui-testing";
		};
/* End PBXNativeTarget section */

/* Begin PBXProject section */
		C2F19E671CB869F600943873 /* Project object */ = {
			isa = PBXProject;
			attributes = {
				LastSwiftUpdateCheck = 0730;
				LastUpgradeCheck = 0730;
				ORGANIZATIONNAME = "Lucas Farah";
				TargetAttributes = {
					C2F19E6E1CB869F600943873 = {
						CreatedOnToolsVersion = 7.3;
					};
					C2F19E821CB869F600943873 = {
						CreatedOnToolsVersion = 7.3;
						TestTargetID = C2F19E6E1CB869F600943873;
					};
					C2F19E8D1CB869F700943873 = {
						CreatedOnToolsVersion = 7.3;
						TestTargetID = C2F19E6E1CB869F600943873;
					};
				};
			};
			buildConfigurationList = C2F19E6A1CB869F600943873 /* Build configuration list for PBXProject "MYNZ" */;
			compatibilityVersion = "Xcode 3.2";
			developmentRegion = English;
			hasScannedForEncodings = 0;
			knownRegions = (
				en,
				Base,
			);
			mainGroup = C2F19E661CB869F600943873;
			productRefGroup = C2F19E701CB869F600943873 /* Products */;
			projectDirPath = "";
			projectRoot = "";
			targets = (
				C2F19E6E1CB869F600943873 /* MYNZ */,
				C2F19E821CB869F600943873 /* MYNZTests */,
				C2F19E8D1CB869F700943873 /* MYNZUITests */,
			);
		};
/* End PBXProject section */

/* Begin PBXResourcesBuildPhase section */
		C2F19E6D1CB869F600943873 /* Resources */ = {
			isa = PBXResourcesBuildPhase;
			buildActionMask = 2147483647;
			files = (
				C2F19E7D1CB869F600943873 /* LaunchScreen.storyboard in Resources */,
				C2F19E7A1CB869F600943873 /* Assets.xcassets in Resources */,
				C2F19E781CB869F600943873 /* Main.storyboard in Resources */,
			);
			runOnlyForDeploymentPostprocessing = 0;
		};
		C2F19E811CB869F600943873 /* Resources */ = {
			isa = PBXResourcesBuildPhase;
			buildActionMask = 2147483647;
			files = (
			);
			runOnlyForDeploymentPostprocessing = 0;
		};
		C2F19E8C1CB869F700943873 /* Resources */ = {
			isa = PBXResourcesBuildPhase;
			buildActionMask = 2147483647;
			files = (
			);
			runOnlyForDeploymentPostprocessing = 0;
		};
/* End PBXResourcesBuildPhase section */

/* Begin PBXSourcesBuildPhase section */
		C2F19E6B1CB869F600943873 /* Sources */ = {
			isa = PBXSourcesBuildPhase;
			buildActionMask = 2147483647;
			files = (
				C2F1C4751CB9C4590091419D /* MapDropViewController.swift in Sources */,
				C2F19E731CB869F600943873 /* AppDelegate.swift in Sources */,
				C2F1C4771CB9C4F70091419D /* Location.swift in Sources */,
			);
			runOnlyForDeploymentPostprocessing = 0;
		};
		C2F19E7F1CB869F600943873 /* Sources */ = {
			isa = PBXSourcesBuildPhase;
			buildActionMask = 2147483647;
			files = (
				C2F19E881CB869F600943873 /* MYNZTests.swift in Sources */,
			);
			runOnlyForDeploymentPostprocessing = 0;
		};
		C2F19E8A1CB869F700943873 /* Sources */ = {
			isa = PBXSourcesBuildPhase;
			buildActionMask = 2147483647;
			files = (
				C2F19E931CB869F700943873 /* MYNZUITests.swift in Sources */,
			);
			runOnlyForDeploymentPostprocessing = 0;
		};
/* End PBXSourcesBuildPhase section */

/* Begin PBXTargetDependency section */
		C2F19E851CB869F600943873 /* PBXTargetDependency */ = {
			isa = PBXTargetDependency;
			target = C2F19E6E1CB869F600943873 /* MYNZ */;
			targetProxy = C2F19E841CB869F600943873 /* PBXContainerItemProxy */;
		};
		C2F19E901CB869F700943873 /* PBXTargetDependency */ = {
			isa = PBXTargetDependency;
			target = C2F19E6E1CB869F600943873 /* MYNZ */;
			targetProxy = C2F19E8F1CB869F700943873 /* PBXContainerItemProxy */;
		};
/* End PBXTargetDependency section */

/* Begin PBXVariantGroup section */
		C2F19E761CB869F600943873 /* Main.storyboard */ = {
			isa = PBXVariantGroup;
			children = (
				C2F19E771CB869F600943873 /* Base */,
			);
			name = Main.storyboard;
			sourceTree = "<group>";
		};
		C2F19E7B1CB869F600943873 /* LaunchScreen.storyboard */ = {
			isa = PBXVariantGroup;
			children = (
				C2F19E7C1CB869F600943873 /* Base */,
			);
			name = LaunchScreen.storyboard;
			sourceTree = "<group>";
		};
/* End PBXVariantGroup section */

/* Begin XCBuildConfiguration section */
		C2F19E951CB869F700943873 /* Debug */ = {
			isa = XCBuildConfiguration;
			buildSettings = {
				ALWAYS_SEARCH_USER_PATHS = NO;
				CLANG_ANALYZER_NONNULL = YES;
				CLANG_CXX_LANGUAGE_STANDARD = "gnu++0x";
				CLANG_CXX_LIBRARY = "libc++";
				CLANG_ENABLE_MODULES = YES;
				CLANG_ENABLE_OBJC_ARC = YES;
				CLANG_WARN_BOOL_CONVERSION = YES;
				CLANG_WARN_CONSTANT_CONVERSION = YES;
				CLANG_WARN_DIRECT_OBJC_ISA_USAGE = YES_ERROR;
				CLANG_WARN_EMPTY_BODY = YES;
				CLANG_WARN_ENUM_CONVERSION = YES;
				CLANG_WARN_INT_CONVERSION = YES;
				CLANG_WARN_OBJC_ROOT_CLASS = YES_ERROR;
				CLANG_WARN_UNREACHABLE_CODE = YES;
				CLANG_WARN__DUPLICATE_METHOD_MATCH = YES;
				"CODE_SIGN_IDENTITY[sdk=iphoneos*]" = "iPhone Developer";
				COPY_PHASE_STRIP = NO;
				DEBUG_INFORMATION_FORMAT = dwarf;
				ENABLE_STRICT_OBJC_MSGSEND = YES;
				ENABLE_TESTABILITY = YES;
				GCC_C_LANGUAGE_STANDARD = gnu99;
				GCC_DYNAMIC_NO_PIC = NO;
				GCC_NO_COMMON_BLOCKS = YES;
				GCC_OPTIMIZATION_LEVEL = 0;
				GCC_PREPROCESSOR_DEFINITIONS = (
					"DEBUG=1",
					"$(inherited)",
				);
				GCC_WARN_64_TO_32_BIT_CONVERSION = YES;
				GCC_WARN_ABOUT_RETURN_TYPE = YES_ERROR;
				GCC_WARN_UNDECLARED_SELECTOR = YES;
				GCC_WARN_UNINITIALIZED_AUTOS = YES_AGGRESSIVE;
				GCC_WARN_UNUSED_FUNCTION = YES;
				GCC_WARN_UNUSED_VARIABLE = YES;
				IPHONEOS_DEPLOYMENT_TARGET = 9.3;
				MTL_ENABLE_DEBUG_INFO = YES;
				ONLY_ACTIVE_ARCH = YES;
				SDKROOT = iphoneos;
				SWIFT_OPTIMIZATION_LEVEL = "-Onone";
			};
			name = Debug;
		};
		C2F19E961CB869F700943873 /* Release */ = {
			isa = XCBuildConfiguration;
			buildSettings = {
				ALWAYS_SEARCH_USER_PATHS = NO;
				CLANG_ANALYZER_NONNULL = YES;
				CLANG_CXX_LANGUAGE_STANDARD = "gnu++0x";
				CLANG_CXX_LIBRARY = "libc++";
				CLANG_ENABLE_MODULES = YES;
				CLANG_ENABLE_OBJC_ARC = YES;
				CLANG_WARN_BOOL_CONVERSION = YES;
				CLANG_WARN_CONSTANT_CONVERSION = YES;
				CLANG_WARN_DIRECT_OBJC_ISA_USAGE = YES_ERROR;
				CLANG_WARN_EMPTY_BODY = YES;
				CLANG_WARN_ENUM_CONVERSION = YES;
				CLANG_WARN_INT_CONVERSION = YES;
				CLANG_WARN_OBJC_ROOT_CLASS = YES_ERROR;
				CLANG_WARN_UNREACHABLE_CODE = YES;
				CLANG_WARN__DUPLICATE_METHOD_MATCH = YES;
				"CODE_SIGN_IDENTITY[sdk=iphoneos*]" = "iPhone Developer";
				COPY_PHASE_STRIP = NO;
				DEBUG_INFORMATION_FORMAT = "dwarf-with-dsym";
				ENABLE_NS_ASSERTIONS = NO;
				ENABLE_STRICT_OBJC_MSGSEND = YES;
				GCC_C_LANGUAGE_STANDARD = gnu99;
				GCC_NO_COMMON_BLOCKS = YES;
				GCC_WARN_64_TO_32_BIT_CONVERSION = YES;
				GCC_WARN_ABOUT_RETURN_TYPE = YES_ERROR;
				GCC_WARN_UNDECLARED_SELECTOR = YES;
				GCC_WARN_UNINITIALIZED_AUTOS = YES_AGGRESSIVE;
				GCC_WARN_UNUSED_FUNCTION = YES;
				GCC_WARN_UNUSED_VARIABLE = YES;
				IPHONEOS_DEPLOYMENT_TARGET = 9.3;
				MTL_ENABLE_DEBUG_INFO = NO;
				SDKROOT = iphoneos;
				VALIDATE_PRODUCT = YES;
			};
			name = Release;
		};
		C2F19E981CB869F700943873 /* Debug */ = {
			isa = XCBuildConfiguration;
			buildSettings = {
				ASSETCATALOG_COMPILER_APPICON_NAME = AppIcon;
				INFOPLIST_FILE = MYNZ/Info.plist;
				LD_RUNPATH_SEARCH_PATHS = "$(inherited) @executable_path/Frameworks";
				PRODUCT_BUNDLE_IDENTIFIER = farah.lucas.MYNZ;
				PRODUCT_NAME = "$(TARGET_NAME)";
			};
			name = Debug;
		};
		C2F19E991CB869F700943873 /* Release */ = {
			isa = XCBuildConfiguration;
			buildSettings = {
				ASSETCATALOG_COMPILER_APPICON_NAME = AppIcon;
				INFOPLIST_FILE = MYNZ/Info.plist;
				LD_RUNPATH_SEARCH_PATHS = "$(inherited) @executable_path/Frameworks";
				PRODUCT_BUNDLE_IDENTIFIER = farah.lucas.MYNZ;
				PRODUCT_NAME = "$(TARGET_NAME)";
			};
			name = Release;
		};
		C2F19E9B1CB869F700943873 /* Debug */ = {
			isa = XCBuildConfiguration;
			buildSettings = {
				BUNDLE_LOADER = "$(TEST_HOST)";
				INFOPLIST_FILE = MYNZTests/Info.plist;
				LD_RUNPATH_SEARCH_PATHS = "$(inherited) @executable_path/Frameworks @loader_path/Frameworks";
				PRODUCT_BUNDLE_IDENTIFIER = farah.lucas.MYNZTests;
				PRODUCT_NAME = "$(TARGET_NAME)";
				TEST_HOST = "$(BUILT_PRODUCTS_DIR)/MYNZ.app/MYNZ";
			};
			name = Debug;
		};
		C2F19E9C1CB869F700943873 /* Release */ = {
			isa = XCBuildConfiguration;
			buildSettings = {
				BUNDLE_LOADER = "$(TEST_HOST)";
				INFOPLIST_FILE = MYNZTests/Info.plist;
				LD_RUNPATH_SEARCH_PATHS = "$(inherited) @executable_path/Frameworks @loader_path/Frameworks";
				PRODUCT_BUNDLE_IDENTIFIER = farah.lucas.MYNZTests;
				PRODUCT_NAME = "$(TARGET_NAME)";
				TEST_HOST = "$(BUILT_PRODUCTS_DIR)/MYNZ.app/MYNZ";
			};
			name = Release;
		};
		C2F19E9E1CB869F700943873 /* Debug */ = {
			isa = XCBuildConfiguration;
			buildSettings = {
				INFOPLIST_FILE = MYNZUITests/Info.plist;
				LD_RUNPATH_SEARCH_PATHS = "$(inherited) @executable_path/Frameworks @loader_path/Frameworks";
				PRODUCT_BUNDLE_IDENTIFIER = farah.lucas.MYNZUITests;
				PRODUCT_NAME = "$(TARGET_NAME)";
				TEST_TARGET_NAME = MYNZ;
			};
			name = Debug;
		};
		C2F19E9F1CB869F700943873 /* Release */ = {
			isa = XCBuildConfiguration;
			buildSettings = {
				INFOPLIST_FILE = MYNZUITests/Info.plist;
				LD_RUNPATH_SEARCH_PATHS = "$(inherited) @executable_path/Frameworks @loader_path/Frameworks";
				PRODUCT_BUNDLE_IDENTIFIER = farah.lucas.MYNZUITests;
				PRODUCT_NAME = "$(TARGET_NAME)";
				TEST_TARGET_NAME = MYNZ;
			};
			name = Release;
		};
/* End XCBuildConfiguration section */

/* Begin XCConfigurationList section */
		C2F19E6A1CB869F600943873 /* Build configuration list for PBXProject "MYNZ" */ = {
			isa = XCConfigurationList;
			buildConfigurations = (
				C2F19E951CB869F700943873 /* Debug */,
				C2F19E961CB869F700943873 /* Release */,
			);
			defaultConfigurationIsVisible = 0;
			defaultConfigurationName = Release;
		};
		C2F19E971CB869F700943873 /* Build configuration list for PBXNativeTarget "MYNZ" */ = {
			isa = XCConfigurationList;
			buildConfigurations = (
				C2F19E981CB869F700943873 /* Debug */,
				C2F19E991CB869F700943873 /* Release */,
			);
			defaultConfigurationIsVisible = 0;
			defaultConfigurationName = Release;
		};
		C2F19E9A1CB869F700943873 /* Build configuration list for PBXNativeTarget "MYNZTests" */ = {
			isa = XCConfigurationList;
			buildConfigurations = (
				C2F19E9B1CB869F700943873 /* Debug */,
				C2F19E9C1CB869F700943873 /* Release */,
			);
			defaultConfigurationIsVisible = 0;
			defaultConfigurationName = Release;
		};
		C2F19E9D1CB869F700943873 /* Build configuration list for PBXNativeTarget "MYNZUITests" */ = {
			isa = XCConfigurationList;
			buildConfigurations = (
				C2F19E9E1CB869F700943873 /* Debug */,
				C2F19E9F1CB869F700943873 /* Release */,
			);
			defaultConfigurationIsVisible = 0;
			defaultConfigurationName = Release;
		};
/* End XCConfigurationList section */
	};
	rootObject = C2F19E671CB869F600943873 /* Project object */;
}
